# THIS IS AN AUTOGENERATED FILE. DO NOT EDIT THIS FILE DIRECTLY.
# yarn lockfile v1


"@tailwindcss/aspect-ratio@~0.2":
  version "0.2.0"
  resolved "https://registry.yarnpkg.com/@tailwindcss/aspect-ratio/-/aspect-ratio-0.2.0.tgz#bebd32b7d0756b695294d4db1ae658796ff72a2c"
  integrity sha512-v5LyHkwXj/4lI74B06zUrmWEdmSqS43+jw717pkt3fAXqb7ALwu77A8t7j+Bej+ZbdlIIqNMYheGN7wSGV1A6w==

"@tailwindcss/forms@~0.2":
  version "0.2.1"
  resolved "https://registry.yarnpkg.com/@tailwindcss/forms/-/forms-0.2.1.tgz#3244b185854fae1a7cbe8d2456314d8b2d98cf43"
  integrity sha512-czfvEdY+J2Ogfd6RUSr/ZSUmDxTujr34M++YLnp2cCPC3oJ4kFvFMaRXA6cEXKw7F1hJuapdjXRjsXIEXGgORg==
  dependencies:
    mini-svg-data-uri "^1.2.3"

"@tailwindcss/line-clamp@~0.2":
  version "0.2.0"
  resolved "https://registry.yarnpkg.com/@tailwindcss/line-clamp/-/line-clamp-0.2.0.tgz#7f30f26ed3835d64d1eb5a9b0d60cf5291dd2a3b"
  integrity sha512-+jXSdRK3/9V/BCPCr+iNpMMhxWMMv62vn/AS2b3/ClmueGuhCijW3bUwO1IiHnE7uCaF74Sli8jUCv9djwvpLg==

"@tailwindcss/typography@~0.4":
  version "0.4.0"
  resolved "https://registry.yarnpkg.com/@tailwindcss/typography/-/typography-0.4.0.tgz#b80974ad6af93df7b06e1981cb4d79698b6ad5c7"
  integrity sha512-3BfOYT5MYNEq81Ism3L2qu/HRP2Q5vWqZtZRQqQrthHuaTK9qpuPfbMT5WATjAM5J1OePKBaI5pLoX4S1JGNMQ==
  dependencies:
    lodash.castarray "^4.4.0"
    lodash.isplainobject "^4.0.6"
    lodash.merge "^4.6.2"
    lodash.uniq "^4.5.0"

lodash.castarray@^4.4.0:
  version "4.4.0"
  resolved "https://registry.yarnpkg.com/lodash.castarray/-/lodash.castarray-4.4.0.tgz#c02513515e309daddd4c24c60cfddcf5976d9115"
  integrity sha1-wCUTUV4wna3dTCTGDP3c9ZdtkRU=

lodash.isplainobject@^4.0.6:
  version "4.0.6"
  resolved "https://registry.yarnpkg.com/lodash.isplainobject/-/lodash.isplainobject-4.0.6.tgz#7c526a52d89b45c45cc690b88163be0497f550cb"
  integrity sha1-fFJqUtibRcRcxpC4gWO+BJf1UMs=

lodash.merge@^4.6.2:
  version "4.6.2"
  resolved "https://registry.yarnpkg.com/lodash.merge/-/lodash.merge-4.6.2.tgz#558aa53b43b661e1925a0afdfa36a9a1085fe57a"
  integrity sha512-0KpjqXRVvrYyCsX1swR/XTK0va6VQkQM6MNo7PqW77ByjAhoARA8EfrP1N4+KlKj8YS0ZUCtRT/YUuhyYDujIQ==

lodash.uniq@^4.5.0:
  version "4.5.0"
  resolved "https://registry.yarnpkg.com/lodash.uniq/-/lodash.uniq-4.5.0.tgz#d0225373aeb652adc1bc82e4945339a842754773"
  integrity sha1-0CJTc662Uq3BvILklFM5qEJ1R3M=

mini-svg-data-uri@^1.2.3:
  version "1.2.3"
  resolved "https://registry.yarnpkg.com/mini-svg-data-uri/-/mini-svg-data-uri-1.2.3.tgz#e16baa92ad55ddaa1c2c135759129f41910bc39f"
  integrity sha512-zd6KCAyXgmq6FV1mR10oKXYtvmA9vRoB6xPSTUJTbFApCtkefDnYueVR1gkof3KcdLZo1Y8mjF2DFmQMIxsHNQ==
