# THIS IS AN AUTOGENERATED FILE. DO NOT EDIT THIS FILE DIRECTLY.
# yarn lockfile v1


"@tailwindcss/aspect-ratio@~0.2":
  version "0.2.0"
  resolved "https://registry.yarnpkg.com/@tailwindcss/aspect-ratio/-/aspect-ratio-0.2.0.tgz#bebd32b7d0756b695294d4db1ae658796ff72a2c"
  integrity sha512-v5LyHkwXj/4lI74B06zUrmWEdmSqS43+jw717pkt3fAXqb7ALwu77A8t7j+Bej+ZbdlIIqNMYheGN7wSGV1A6w==

"@tailwindcss/forms@~0.2":
  version "0.2.1"
  resolved "https://registry.yarnpkg.com/@tailwindcss/forms/-/forms-0.2.1.tgz#3244b185854fae1a7cbe8d2456314d8b2d98cf43"
  integrity sha512-czfvEdY+J2Ogfd6RUSr/ZSUmDxTujr34M++YLnp2cCPC3oJ4kFvFMaRXA6cEXKw7F1hJuapdjXRjsXIEXGgORg==
  dependencies:
    mini-svg-data-uri "^1.2.3"

"@tailwindcss/typography@~0.3":
  version "0.3.1"
  resolved "https://registry.yarnpkg.com/@tailwindcss/typography/-/typography-0.3.1.tgz#253ce580c8e06b6163d9a288edd24f25e1d0dfee"
  integrity sha512-HyZ+3Eay8SGaPq7kcFoANZLr4EjeXQ19yjjb9fp6B0PHHpvZoe00jdsnpnooMEbx9J5rQ93nxPUG3MQmXVxGMQ==

mini-svg-data-uri@^1.2.3:
  version "1.2.3"
  resolved "https://registry.yarnpkg.com/mini-svg-data-uri/-/mini-svg-data-uri-1.2.3.tgz#e16baa92ad55ddaa1c2c135759129f41910bc39f"
  integrity sha512-zd6KCAyXgmq6FV1mR10oKXYtvmA9vRoB6xPSTUJTbFApCtkefDnYueVR1gkof3KcdLZo1Y8mjF2DFmQMIxsHNQ==
